
Microsoft Visual Studio Solution File, Format Version 12.00
# Visual Studio Version 17
VisualStudioVersion = 17.6.33829.357
MinimumVisualStudioVersion = 10.0.40219.1
Project("{FAE04EC0-301F-11D3-BF4B-00C04F79EFBC}") = "TheFirm", "TheFirm\TheFirm.csproj", "{A9F9C505-1466-413C-927E-97C023B5983C}"
EndProject
Project("{2150E333-8FDC-42A3-9474-1A3956D46DE8}") = "Solution Items", "Solution Items", "{AE91A4F4-7E46-4D85-9DF7-94549DC2A358}"
	ProjectSection(SolutionItems) = preProject
		.editorconfig = .editorconfig
		Manager.cs = Manager.cs
	EndProjectSection
EndProject
Project("{FAE04EC0-301F-11D3-BF4B-00C04F79EFBC}") = "TheFirmV2", "TheFirmV2\TheFirmV2.csproj", "{0A009885-CEB1-48D8-BA4D-C6428478A2D2}"
EndProject
Global
	GlobalSection(SolutionConfigurationPlatforms) = preSolution
		Debug|Any CPU = Debug|Any CPU
		Release|Any CPU = Release|Any CPU
	EndGlobalSection
	GlobalSection(ProjectConfigurationPlatforms) = postSolution
		{A9F9C505-1466-413C-927E-97C023B5983C}.Debug|Any CPU.ActiveCfg = Debug|Any CPU
		{A9F9C505-1466-413C-927E-97C023B5983C}.Debug|Any CPU.Build.0 = Debug|Any CPU
		{A9F9C505-1466-413C-927E-97C023B5983C}.Release|Any CPU.ActiveCfg = Release|Any CPU
		{A9F9C505-1466-413C-927E-97C023B5983C}.Release|Any CPU.Build.0 = Release|Any CPU
		{0A009885-CEB1-48D8-BA4D-C6428478A2D2}.Debug|Any CPU.ActiveCfg = Debug|Any CPU
		{0A009885-CEB1-48D8-BA4D-C6428478A2D2}.Debug|Any CPU.Build.0 = Debug|Any CPU
		{0A009885-CEB1-48D8-BA4D-C6428478A2D2}.Release|Any CPU.ActiveCfg = Release|Any CPU
		{0A009885-CEB1-48D8-BA4D-C6428478A2D2}.Release|Any CPU.Build.0 = Release|Any CPU
	EndGlobalSection
	GlobalSection(SolutionProperties) = preSolution
		HideSolutionNode = FALSE
	EndGlobalSection
	GlobalSection(ExtensibilityGlobals) = postSolution
		SolutionGuid = {AB7CA025-9368-475D-A3E2-22222C3B0B08}
	EndGlobalSection
EndGlobal
